
Microsoft Visual Studio Solution File, Format Version 12.00
# Visual Studio 2013
VisualStudioVersion = 12.0.40629.0
MinimumVisualStudioVersion = 10.0.40219.1
Project("{8BC9CEB8-8B4A-11D0-8D11-00A0C91BC942}") = "Gets01", "Gets01\Gets01.vcxproj", "{B9CDC45D-BE14-4E12-BF32-3625F4C12212}"
EndProject
Global
	GlobalSection(SolutionConfigurationPlatforms) = preSolution
		Debug|Win32 = Debug|Win32
		Release|Win32 = Release|Win32
	EndGlobalSection
	GlobalSection(ProjectConfigurationPlatforms) = postSolution
		{B9CDC45D-BE14-4E12-BF32-3625F4C12212}.Debug|Win32.ActiveCfg = Debug|Win32
		{B9CDC45D-BE14-4E12-BF32-3625F4C12212}.Debug|Win32.Build.0 = Debug|Win32
		{B9CDC45D-BE14-4E12-BF32-3625F4C12212}.Release|Win32.ActiveCfg = Release|Win32
		{B9CDC45D-BE14-4E12-BF32-3625F4C12212}.Release|Win32.Build.0 = Release|Win32
	EndGlobalSection
	GlobalSection(SolutionProperties) = preSolution
		HideSolutionNode = FALSE
	EndGlobalSection
EndGlobal
